
Microsoft Visual Studio Solution File, Format Version 12.00
# Visual Studio Version 16
VisualStudioVersion = 16.0.31911.196
MinimumVisualStudioVersion = 10.0.40219.1
Project("{FAE04EC0-301F-11D3-BF4B-00C04F79EFBC}") = "ttt", "ttt.csproj", "{08F2F78A-DA88-49D5-8E59-363591565867}"
EndProject
Global
	GlobalSection(SolutionConfigurationPlatforms) = preSolution
		Debug|Any CPU = Debug|Any CPU
		Release|Any CPU = Release|Any CPU
	EndGlobalSection
	GlobalSection(ProjectConfigurationPlatforms) = postSolution
		{08F2F78A-DA88-49D5-8E59-363591565867}.Debug|Any CPU.ActiveCfg = Debug|Any CPU
		{08F2F78A-DA88-49D5-8E59-363591565867}.Debug|Any CPU.Build.0 = Debug|Any CPU
		{08F2F78A-DA88-49D5-8E59-363591565867}.Release|Any CPU.ActiveCfg = Release|Any CPU
		{08F2F78A-DA88-49D5-8E59-363591565867}.Release|Any CPU.Build.0 = Release|Any CPU
	EndGlobalSection
	GlobalSection(SolutionProperties) = preSolution
		HideSolutionNode = FALSE
	EndGlobalSection
	GlobalSection(ExtensibilityGlobals) = postSolution
		SolutionGuid = {8CF9BBFD-2DF2-482D-BF34-D04B793CA9F8}
	EndGlobalSection
EndGlobal
